// !$*UTF8*$!
{
	archiveVersion = 1;
	classes = {
	};
	objectVersion = 55;
	objects = {

/* Begin PBXBuildFile section */
		5B19678927B57FB1001A3CAE /* AppDelegate.swift in Sources */ = {isa = PBXBuildFile; fileRef = 5B19678827B57FB1001A3CAE /* AppDelegate.swift */; };
		5B19678B27B57FB1001A3CAE /* SceneDelegate.swift in Sources */ = {isa = PBXBuildFile; fileRef = 5B19678A27B57FB1001A3CAE /* SceneDelegate.swift */; };
		5B19678D27B57FB1001A3CAE /* ViewController.swift in Sources */ = {isa = PBXBuildFile; fileRef = 5B19678C27B57FB1001A3CAE /* ViewController.swift */; };
		5B19679027B57FB1001A3CAE /* Main.storyboard in Resources */ = {isa = PBXBuildFile; fileRef = 5B19678E27B57FB1001A3CAE /* Main.storyboard */; };
		5B19679227B57FB3001A3CAE /* Assets.xcassets in Resources */ = {isa = PBXBuildFile; fileRef = 5B19679127B57FB3001A3CAE /* Assets.xcassets */; };
		5B19679527B57FB3001A3CAE /* LaunchScreen.storyboard in Resources */ = {isa = PBXBuildFile; fileRef = 5B19679327B57FB3001A3CAE /* LaunchScreen.storyboard */; };
		5BED29B627D4202B00DF4EB0 /* Jobs.swift in Sources */ = {isa = PBXBuildFile; fileRef = 5BED29B527D4202B00DF4EB0 /* Jobs.swift */; };
		5BED29B827D4213300DF4EB0 /* JobTableViewController.swift in Sources */ = {isa = PBXBuildFile; fileRef = 5BED29B727D4213300DF4EB0 /* JobTableViewController.swift */; };
		5BED29BA27D42C8600DF4EB0 /* JobTableViewCell.swift in Sources */ = {isa = PBXBuildFile; fileRef = 5BED29B927D42C8600DF4EB0 /* JobTableViewCell.swift */; };
		5BED29BC27D5331D00DF4EB0 /* JobTableDetailsVC.swift in Sources */ = {isa = PBXBuildFile; fileRef = 5BED29BB27D5331D00DF4EB0 /* JobTableDetailsVC.swift */; };
		5BED29C027D7EEC400DF4EB0 /* GoogleService-Info.plist in Resources */ = {isa = PBXBuildFile; fileRef = 5BED29BF27D7EEC400DF4EB0 /* GoogleService-Info.plist */; };
		5BED29C327D7F02F00DF4EB0 /* FirebaseAnalytics in Frameworks */ = {isa = PBXBuildFile; productRef = 5BED29C227D7F02F00DF4EB0 /* FirebaseAnalytics */; };
/* End PBXBuildFile section */

/* Begin PBXFileReference section */
		5B19678527B57FB1001A3CAE /* AJob.app */ = {isa = PBXFileReference; explicitFileType = wrapper.application; includeInIndex = 0; path = AJob.app; sourceTree = BUILT_PRODUCTS_DIR; };
		5B19678827B57FB1001A3CAE /* AppDelegate.swift */ = {isa = PBXFileReference; lastKnownFileType = sourcecode.swift; path = AppDelegate.swift; sourceTree = "<group>"; };
		5B19678A27B57FB1001A3CAE /* SceneDelegate.swift */ = {isa = PBXFileReference; lastKnownFileType = sourcecode.swift; path = SceneDelegate.swift; sourceTree = "<group>"; };
		5B19678C27B57FB1001A3CAE /* ViewController.swift */ = {isa = PBXFileReference; lastKnownFileType = sourcecode.swift; path = ViewController.swift; sourceTree = "<group>"; };
		5B19678F27B57FB1001A3CAE /* Base */ = {isa = PBXFileReference; lastKnownFileType = file.storyboard; name = Base; path = Base.lproj/Main.storyboard; sourceTree = "<group>"; };
		5B19679127B57FB3001A3CAE /* Assets.xcassets */ = {isa = PBXFileReference; lastKnownFileType = folder.assetcatalog; path = Assets.xcassets; sourceTree = "<group>"; };
		5B19679427B57FB3001A3CAE /* Base */ = {isa = PBXFileReference; lastKnownFileType = file.storyboard; name = Base; path = Base.lproj/LaunchScreen.storyboard; sourceTree = "<group>"; };
		5B19679627B57FB3001A3CAE /* Info.plist */ = {isa = PBXFileReference; lastKnownFileType = text.plist.xml; path = Info.plist; sourceTree = "<group>"; };
		5BED29B527D4202B00DF4EB0 /* Jobs.swift */ = {isa = PBXFileReference; lastKnownFileType = sourcecode.swift; path = Jobs.swift; sourceTree = "<group>"; };
		5BED29B727D4213300DF4EB0 /* JobTableViewController.swift */ = {isa = PBXFileReference; lastKnownFileType = sourcecode.swift; path = JobTableViewController.swift; sourceTree = "<group>"; };
		5BED29B927D42C8600DF4EB0 /* JobTableViewCell.swift */ = {isa = PBXFileReference; lastKnownFileType = sourcecode.swift; path = JobTableViewCell.swift; sourceTree = "<group>"; };
		5BED29BB27D5331D00DF4EB0 /* JobTableDetailsVC.swift */ = {isa = PBXFileReference; lastKnownFileType = sourcecode.swift; path = JobTableDetailsVC.swift; sourceTree = "<group>"; };
		5BED29BF27D7EEC400DF4EB0 /* GoogleService-Info.plist */ = {isa = PBXFileReference; fileEncoding = 4; lastKnownFileType = text.plist.xml; path = "GoogleService-Info.plist"; sourceTree = "<group>"; };
/* End PBXFileReference section */

/* Begin PBXFrameworksBuildPhase section */
		5B19678227B57FB1001A3CAE /* Frameworks */ = {
			isa = PBXFrameworksBuildPhase;
			buildActionMask = 2147483647;
			files = (
				5BED29C327D7F02F00DF4EB0 /* FirebaseAnalytics in Frameworks */,
			);
			runOnlyForDeploymentPostprocessing = 0;
		};
/* End PBXFrameworksBuildPhase section */

/* Begin PBXGroup section */
		5B19677C27B57FB1001A3CAE = {
			isa = PBXGroup;
			children = (
				5B19678727B57FB1001A3CAE /* AJob */,
				5B19678627B57FB1001A3CAE /* Products */,
			);
			sourceTree = "<group>";
		};
		5B19678627B57FB1001A3CAE /* Products */ = {
			isa = PBXGroup;
			children = (
				5B19678527B57FB1001A3CAE /* AJob.app */,
			);
			name = Products;
			sourceTree = "<group>";
		};
		5B19678727B57FB1001A3CAE /* AJob */ = {
			isa = PBXGroup;
			children = (
				5BED29B527D4202B00DF4EB0 /* Jobs.swift */,
				5B19678827B57FB1001A3CAE /* AppDelegate.swift */,
				5B19678A27B57FB1001A3CAE /* SceneDelegate.swift */,
				5B19678C27B57FB1001A3CAE /* ViewController.swift */,
				5BED29BF27D7EEC400DF4EB0 /* GoogleService-Info.plist */,
				5B19678E27B57FB1001A3CAE /* Main.storyboard */,
				5BED29BB27D5331D00DF4EB0 /* JobTableDetailsVC.swift */,
				5BED29B927D42C8600DF4EB0 /* JobTableViewCell.swift */,
				5BED29B727D4213300DF4EB0 /* JobTableViewController.swift */,
				5B19679127B57FB3001A3CAE /* Assets.xcassets */,
				5B19679327B57FB3001A3CAE /* LaunchScreen.storyboard */,
				5B19679627B57FB3001A3CAE /* Info.plist */,
			);
			path = AJob;
			sourceTree = "<group>";
		};
/* End PBXGroup section */

/* Begin PBXNativeTarget section */
		5B19678427B57FB1001A3CAE /* AJob */ = {
			isa = PBXNativeTarget;
			buildConfigurationList = 5B19679927B57FB3001A3CAE /* Build configuration list for PBXNativeTarget "AJob" */;
			buildPhases = (
				5B19678127B57FB1001A3CAE /* Sources */,
				5B19678227B57FB1001A3CAE /* Frameworks */,
				5B19678327B57FB1001A3CAE /* Resources */,
			);
			buildRules = (
			);
			dependencies = (
			);
			name = AJob;
			packageProductDependencies = (
				5BED29C227D7F02F00DF4EB0 /* FirebaseAnalytics */,
			);
			productName = AJob;
			productReference = 5B19678527B57FB1001A3CAE /* AJob.app */;
			productType = "com.apple.product-type.application";
		};
/* End PBXNativeTarget section */

/* Begin PBXProject section */
		5B19677D27B57FB1001A3CAE /* Project object */ = {
			isa = PBXProject;
			attributes = {
				BuildIndependentTargetsInParallel = 1;
				LastSwiftUpdateCheck = 1300;
				LastUpgradeCheck = 1300;
				TargetAttributes = {
					5B19678427B57FB1001A3CAE = {
						CreatedOnToolsVersion = 13.0;
					};
				};
			};
			buildConfigurationList = 5B19678027B57FB1001A3CAE /* Build configuration list for PBXProject "AJob" */;
			compatibilityVersion = "Xcode 13.0";
			developmentRegion = en;
			hasScannedForEncodings = 0;
			knownRegions = (
				en,
				Base,
			);
			mainGroup = 5B19677C27B57FB1001A3CAE;
			packageReferences = (
				5BED29C127D7F02F00DF4EB0 /* XCRemoteSwiftPackageReference "firebase-ios-sdk" */,
			);
			productRefGroup = 5B19678627B57FB1001A3CAE /* Products */;
			projectDirPath = "";
			projectRoot = "";
			targets = (
				5B19678427B57FB1001A3CAE /* AJob */,
			);
		};
/* End PBXProject section */

/* Begin PBXResourcesBuildPhase section */
		5B19678327B57FB1001A3CAE /* Resources */ = {
			isa = PBXResourcesBuildPhase;
			buildActionMask = 2147483647;
			files = (
				5B19679527B57FB3001A3CAE /* LaunchScreen.storyboard in Resources */,
				5BED29C027D7EEC400DF4EB0 /* GoogleService-Info.plist in Resources */,
				5B19679227B57FB3001A3CAE /* Assets.xcassets in Resources */,
				5B19679027B57FB1001A3CAE /* Main.storyboard in Resources */,
			);
			runOnlyForDeploymentPostprocessing = 0;
		};
/* End PBXResourcesBuildPhase section */

/* Begin PBXSourcesBuildPhase section */
		5B19678127B57FB1001A3CAE /* Sources */ = {
			isa = PBXSourcesBuildPhase;
			buildActionMask = 2147483647;
			files = (
				5B19678D27B57FB1001A3CAE /* ViewController.swift in Sources */,
				5B19678927B57FB1001A3CAE /* AppDelegate.swift in Sources */,
				5BED29B827D4213300DF4EB0 /* JobTableViewController.swift in Sources */,
				5BED29BA27D42C8600DF4EB0 /* JobTableViewCell.swift in Sources */,
				5B19678B27B57FB1001A3CAE /* SceneDelegate.swift in Sources */,
				5BED29BC27D5331D00DF4EB0 /* JobTableDetailsVC.swift in Sources */,
				5BED29B627D4202B00DF4EB0 /* Jobs.swift in Sources */,
			);
			runOnlyForDeploymentPostprocessing = 0;
		};
/* End PBXSourcesBuildPhase section */

/* Begin PBXVariantGroup section */
		5B19678E27B57FB1001A3CAE /* Main.storyboard */ = {
			isa = PBXVariantGroup;
			children = (
				5B19678F27B57FB1001A3CAE /* Base */,
			);
			name = Main.storyboard;
			sourceTree = "<group>";
		};
		5B19679327B57FB3001A3CAE /* LaunchScreen.storyboard */ = {
			isa = PBXVariantGroup;
			children = (
				5B19679427B57FB3001A3CAE /* Base */,
			);
			name = LaunchScreen.storyboard;
			sourceTree = "<group>";
		};
/* End PBXVariantGroup section */

/* Begin XCBuildConfiguration section */
		5B19679727B57FB3001A3CAE /* Debug */ = {
			isa = XCBuildConfiguration;
			buildSettings = {
				ALWAYS_SEARCH_USER_PATHS = NO;
				CLANG_ANALYZER_NONNULL = YES;
				CLANG_ANALYZER_NUMBER_OBJECT_CONVERSION = YES_AGGRESSIVE;
				CLANG_CXX_LANGUAGE_STANDARD = "gnu++17";
				CLANG_CXX_LIBRARY = "libc++";
				CLANG_ENABLE_MODULES = YES;
				CLANG_ENABLE_OBJC_ARC = YES;
				CLANG_ENABLE_OBJC_WEAK = YES;
				CLANG_WARN_BLOCK_CAPTURE_AUTORELEASING = YES;
				CLANG_WARN_BOOL_CONVERSION = YES;
				CLANG_WARN_COMMA = YES;
				CLANG_WARN_CONSTANT_CONVERSION = YES;
				CLANG_WARN_DEPRECATED_OBJC_IMPLEMENTATIONS = YES;
				CLANG_WARN_DIRECT_OBJC_ISA_USAGE = YES_ERROR;
				CLANG_WARN_DOCUMENTATION_COMMENTS = YES;
				CLANG_WARN_EMPTY_BODY = YES;
				CLANG_WARN_ENUM_CONVERSION = YES;
				CLANG_WARN_INFINITE_RECURSION = YES;
				CLANG_WARN_INT_CONVERSION = YES;
				CLANG_WARN_NON_LITERAL_NULL_CONVERSION = YES;
				CLANG_WARN_OBJC_IMPLICIT_RETAIN_SELF = YES;
				CLANG_WARN_OBJC_LITERAL_CONVERSION = YES;
				CLANG_WARN_OBJC_ROOT_CLASS = YES_ERROR;
				CLANG_WARN_QUOTED_INCLUDE_IN_FRAMEWORK_HEADER = YES;
				CLANG_WARN_RANGE_LOOP_ANALYSIS = YES;
				CLANG_WARN_STRICT_PROTOTYPES = YES;
				CLANG_WARN_SUSPICIOUS_MOVE = YES;
				CLANG_WARN_UNGUARDED_AVAILABILITY = YES_AGGRESSIVE;
				CLANG_WARN_UNREACHABLE_CODE = YES;
				CLANG_WARN__DUPLICATE_METHOD_MATCH = YES;
				COPY_PHASE_STRIP = NO;
				DEBUG_INFORMATION_FORMAT = dwarf;
				ENABLE_STRICT_OBJC_MSGSEND = YES;
				ENABLE_TESTABILITY = YES;
				GCC_C_LANGUAGE_STANDARD = gnu11;
				GCC_DYNAMIC_NO_PIC = NO;
				GCC_NO_COMMON_BLOCKS = YES;
				GCC_OPTIMIZATION_LEVEL = 0;
				GCC_PREPROCESSOR_DEFINITIONS = (
					"DEBUG=1",
					"$(inherited)",
				);
				GCC_WARN_64_TO_32_BIT_CONVERSION = YES;
				GCC_WARN_ABOUT_RETURN_TYPE = YES_ERROR;
				GCC_WARN_UNDECLARED_SELECTOR = YES;
				GCC_WARN_UNINITIALIZED_AUTOS = YES_AGGRESSIVE;
				GCC_WARN_UNUSED_FUNCTION = YES;
				GCC_WARN_UNUSED_VARIABLE = YES;
				IPHONEOS_DEPLOYMENT_TARGET = 15.0;
				MTL_ENABLE_DEBUG_INFO = INCLUDE_SOURCE;
				MTL_FAST_MATH = YES;
				ONLY_ACTIVE_ARCH = YES;
				SDKROOT = iphoneos;
				SWIFT_ACTIVE_COMPILATION_CONDITIONS = DEBUG;
				SWIFT_OPTIMIZATION_LEVEL = "-Onone";
			};
			name = Debug;
		};
		5B19679827B57FB3001A3CAE /* Release */ = {
			isa = XCBuildConfiguration;
			buildSettings = {
				ALWAYS_SEARCH_USER_PATHS = NO;
				CLANG_ANALYZER_NONNULL = YES;
				CLANG_ANALYZER_NUMBER_OBJECT_CONVERSION = YES_AGGRESSIVE;
				CLANG_CXX_LANGUAGE_STANDARD = "gnu++17";
				CLANG_CXX_LIBRARY = "libc++";
				CLANG_ENABLE_MODULES = YES;
				CLANG_ENABLE_OBJC_ARC = YES;
				CLANG_ENABLE_OBJC_WEAK = YES;
				CLANG_WARN_BLOCK_CAPTURE_AUTORELEASING = YES;
				CLANG_WARN_BOOL_CONVERSION = YES;
				CLANG_WARN_COMMA = YES;
				CLANG_WARN_CONSTANT_CONVERSION = YES;
				CLANG_WARN_DEPRECATED_OBJC_IMPLEMENTATIONS = YES;
				CLANG_WARN_DIRECT_OBJC_ISA_USAGE = YES_ERROR;
				CLANG_WARN_DOCUMENTATION_COMMENTS = YES;
				CLANG_WARN_EMPTY_BODY = YES;
				CLANG_WARN_ENUM_CONVERSION = YES;
				CLANG_WARN_INFINITE_RECURSION = YES;
				CLANG_WARN_INT_CONVERSION = YES;
				CLANG_WARN_NON_LITERAL_NULL_CONVERSION = YES;
				CLANG_WARN_OBJC_IMPLICIT_RETAIN_SELF = YES;
				CLANG_WARN_OBJC_LITERAL_CONVERSION = YES;
				CLANG_WARN_OBJC_ROOT_CLASS = YES_ERROR;
				CLANG_WARN_QUOTED_INCLUDE_IN_FRAMEWORK_HEADER = YES;
				CLANG_WARN_RANGE_LOOP_ANALYSIS = YES;
				CLANG_WARN_STRICT_PROTOTYPES = YES;
				CLANG_WARN_SUSPICIOUS_MOVE = YES;
				CLANG_WARN_UNGUARDED_AVAILABILITY = YES_AGGRESSIVE;
				CLANG_WARN_UNREACHABLE_CODE = YES;
				CLANG_WARN__DUPLICATE_METHOD_MATCH = YES;
				COPY_PHASE_STRIP = NO;
				DEBUG_INFORMATION_FORMAT = "dwarf-with-dsym";
				ENABLE_NS_ASSERTIONS = NO;
				ENABLE_STRICT_OBJC_MSGSEND = YES;
				GCC_C_LANGUAGE_STANDARD = gnu11;
				GCC_NO_COMMON_BLOCKS = YES;
				GCC_WARN_64_TO_32_BIT_CONVERSION = YES;
				GCC_WARN_ABOUT_RETURN_TYPE = YES_ERROR;
				GCC_WARN_UNDECLARED_SELECTOR = YES;
				GCC_WARN_UNINITIALIZED_AUTOS = YES_AGGRESSIVE;
				GCC_WARN_UNUSED_FUNCTION = YES;
				GCC_WARN_UNUSED_VARIABLE = YES;
				IPHONEOS_DEPLOYMENT_TARGET = 15.0;
				MTL_ENABLE_DEBUG_INFO = NO;
				MTL_FAST_MATH = YES;
				SDKROOT = iphoneos;
				SWIFT_COMPILATION_MODE = wholemodule;
				SWIFT_OPTIMIZATION_LEVEL = "-O";
				VALIDATE_PRODUCT = YES;
			};
			name = Release;
		};
		5B19679A27B57FB3001A3CAE /* Debug */ = {
			isa = XCBuildConfiguration;
			buildSettings = {
				ASSETCATALOG_COMPILER_APPICON_NAME = AppIcon;
				ASSETCATALOG_COMPILER_GLOBAL_ACCENT_COLOR_NAME = AccentColor;
				CODE_SIGN_STYLE = Automatic;
				CURRENT_PROJECT_VERSION = 1;
				DEVELOPMENT_TEAM = X9MXMWF9KT;
				GENERATE_INFOPLIST_FILE = YES;
				INFOPLIST_FILE = AJob/Info.plist;
				INFOPLIST_KEY_UIApplicationSupportsIndirectInputEvents = YES;
				INFOPLIST_KEY_UILaunchStoryboardName = LaunchScreen;
				INFOPLIST_KEY_UIMainStoryboardFile = Main;
				INFOPLIST_KEY_UISupportedInterfaceOrientations_iPad = "UIInterfaceOrientationPortrait UIInterfaceOrientationPortraitUpsideDown UIInterfaceOrientationLandscapeLeft UIInterfaceOrientationLandscapeRight";
				INFOPLIST_KEY_UISupportedInterfaceOrientations_iPhone = "UIInterfaceOrientationPortrait UIInterfaceOrientationLandscapeLeft UIInterfaceOrientationLandscapeRight";
				LD_RUNPATH_SEARCH_PATHS = (
					"$(inherited)",
					"@executable_path/Frameworks",
				);
				MARKETING_VERSION = 1.0;
				PRODUCT_BUNDLE_IDENTIFIER = com.LisetteAntigua.AJob;
				PRODUCT_NAME = "$(TARGET_NAME)";
				SWIFT_EMIT_LOC_STRINGS = YES;
				SWIFT_VERSION = 5.0;
				TARGETED_DEVICE_FAMILY = "1,2";
			};
			name = Debug;
		};
		5B19679B27B57FB3001A3CAE /* Release */ = {
			isa = XCBuildConfiguration;
			buildSettings = {
				ASSETCATALOG_COMPILER_APPICON_NAME = AppIcon;
				ASSETCATALOG_COMPILER_GLOBAL_ACCENT_COLOR_NAME = AccentColor;
				CODE_SIGN_STYLE = Automatic;
				CURRENT_PROJECT_VERSION = 1;
				DEVELOPMENT_TEAM = X9MXMWF9KT;
				GENERATE_INFOPLIST_FILE = YES;
				INFOPLIST_FILE = AJob/Info.plist;
				INFOPLIST_KEY_UIApplicationSupportsIndirectInputEvents = YES;
				INFOPLIST_KEY_UILaunchStoryboardName = LaunchScreen;
				INFOPLIST_KEY_UIMainStoryboardFile = Main;
				INFOPLIST_KEY_UISupportedInterfaceOrientations_iPad = "UIInterfaceOrientationPortrait UIInterfaceOrientationPortraitUpsideDown UIInterfaceOrientationLandscapeLeft UIInterfaceOrientationLandscapeRight";
				INFOPLIST_KEY_UISupportedInterfaceOrientations_iPhone = "UIInterfaceOrientationPortrait UIInterfaceOrientationLandscapeLeft UIInterfaceOrientationLandscapeRight";
				LD_RUNPATH_SEARCH_PATHS = (
					"$(inherited)",
					"@executable_path/Frameworks",
				);
				MARKETING_VERSION = 1.0;
				PRODUCT_BUNDLE_IDENTIFIER = com.LisetteAntigua.AJob;
				PRODUCT_NAME = "$(TARGET_NAME)";
				SWIFT_EMIT_LOC_STRINGS = YES;
				SWIFT_VERSION = 5.0;
				TARGETED_DEVICE_FAMILY = "1,2";
			};
			name = Release;
		};
/* End XCBuildConfiguration section */

/* Begin XCConfigurationList section */
		5B19678027B57FB1001A3CAE /* Build configuration list for PBXProject "AJob" */ = {
			isa = XCConfigurationList;
			buildConfigurations = (
				5B19679727B57FB3001A3CAE /* Debug */,
				5B19679827B57FB3001A3CAE /* Release */,
			);
			defaultConfigurationIsVisible = 0;
			defaultConfigurationName = Release;
		};
		5B19679927B57FB3001A3CAE /* Build configuration list for PBXNativeTarget "AJob" */ = {
			isa = XCConfigurationList;
			buildConfigurations = (
				5B19679A27B57FB3001A3CAE /* Debug */,
				5B19679B27B57FB3001A3CAE /* Release */,
			);
			defaultConfigurationIsVisible = 0;
			defaultConfigurationName = Release;
		};
/* End XCConfigurationList section */

/* Begin XCRemoteSwiftPackageReference section */
		5BED29C127D7F02F00DF4EB0 /* XCRemoteSwiftPackageReference "firebase-ios-sdk" */ = {
			isa = XCRemoteSwiftPackageReference;
			repositoryURL = "https://github.com/firebase/firebase-ios-sdk";
			requirement = {
				kind = upToNextMajorVersion;
				minimumVersion = 8.0.0;
			};
		};
/* End XCRemoteSwiftPackageReference section */

/* Begin XCSwiftPackageProductDependency section */
		5BED29C227D7F02F00DF4EB0 /* FirebaseAnalytics */ = {
			isa = XCSwiftPackageProductDependency;
			package = 5BED29C127D7F02F00DF4EB0 /* XCRemoteSwiftPackageReference "firebase-ios-sdk" */;
			productName = FirebaseAnalytics;
		};
/* End XCSwiftPackageProductDependency section */
	};
	rootObject = 5B19677D27B57FB1001A3CAE /* Project object */;
}
